// !$*UTF8*$!
{
	archiveVersion = 1;
	classes = {
	};
	objectVersion = 50;
	objects = {

/* Begin PBXBuildFile section */
		EC29EF242382CF5F005B0729 /* ball.jpg in Resources */ = {isa = PBXBuildFile; fileRef = EC29EF222382CF5F005B0729 /* ball.jpg */; };
		EC29EF252382CF5F005B0729 /* sun.jpg in Resources */ = {isa = PBXBuildFile; fileRef = EC29EF232382CF5F005B0729 /* sun.jpg */; };
		EC29EF2B2382D987005B0729 /* menuController.swift in Sources */ = {isa = PBXBuildFile; fileRef = EC29EF2A2382D987005B0729 /* menuController.swift */; };
		EC29EF2D2382DC18005B0729 /* cat-bg.jpg in Resources */ = {isa = PBXBuildFile; fileRef = EC29EF2C2382DC18005B0729 /* cat-bg.jpg */; };
		EC2B6854238C15CD00AA7FB7 /* heron.png in Resources */ = {isa = PBXBuildFile; fileRef = EC2B6853238C15CD00AA7FB7 /* heron.png */; };
		ECBDED3B23C4D16600E01749 /* xp_background.png in Resources */ = {isa = PBXBuildFile; fileRef = ECBDED3A23C4D16600E01749 /* xp_background.png */; };
		ECBDED3D23C4D28A00E01749 /* crosshair.png in Resources */ = {isa = PBXBuildFile; fileRef = ECBDED3C23C4D28A00E01749 /* crosshair.png */; };
		ECBDED3F23C4D37700E01749 /* cannonball.png in Resources */ = {isa = PBXBuildFile; fileRef = ECBDED3E23C4D37700E01749 /* cannonball.png */; };
		ECBDED4123C4D5B800E01749 /* birb.png in Resources */ = {isa = PBXBuildFile; fileRef = ECBDED4023C4D5B800E01749 /* birb.png */; };
		ECE0F2612375C88400056E51 /* AppDelegate.swift in Sources */ = {isa = PBXBuildFile; fileRef = ECE0F2602375C88400056E51 /* AppDelegate.swift */; };
		ECE0F2632375C88400056E51 /* SceneDelegate.swift in Sources */ = {isa = PBXBuildFile; fileRef = ECE0F2622375C88400056E51 /* SceneDelegate.swift */; };
		ECE0F2652375C88400056E51 /* ViewController.swift in Sources */ = {isa = PBXBuildFile; fileRef = ECE0F2642375C88400056E51 /* ViewController.swift */; };
		ECE0F2682375C88400056E51 /* Main.storyboard in Resources */ = {isa = PBXBuildFile; fileRef = ECE0F2662375C88400056E51 /* Main.storyboard */; };
		ECE0F26A2375C88500056E51 /* Assets.xcassets in Resources */ = {isa = PBXBuildFile; fileRef = ECE0F2692375C88500056E51 /* Assets.xcassets */; };
		ECE0F26D2375C88500056E51 /* LaunchScreen.storyboard in Resources */ = {isa = PBXBuildFile; fileRef = ECE0F26B2375C88500056E51 /* LaunchScreen.storyboard */; };
		ECE0F2782375C88600056E51 /* dynamicsTests.swift in Sources */ = {isa = PBXBuildFile; fileRef = ECE0F2772375C88600056E51 /* dynamicsTests.swift */; };
		ECE0F2832375C88600056E51 /* dynamicsUITests.swift in Sources */ = {isa = PBXBuildFile; fileRef = ECE0F2822375C88600056E51 /* dynamicsUITests.swift */; };
		ECE0F3132375D40400056E51 /* dragImageView.swift in Sources */ = {isa = PBXBuildFile; fileRef = ECE0F3122375D40400056E51 /* dragImageView.swift */; };
/* End PBXBuildFile section */

/* Begin PBXContainerItemProxy section */
		ECE0F2742375C88600056E51 /* PBXContainerItemProxy */ = {
			isa = PBXContainerItemProxy;
			containerPortal = ECE0F2552375C88400056E51 /* Project object */;
			proxyType = 1;
			remoteGlobalIDString = ECE0F25C2375C88400056E51;
			remoteInfo = dynamics;
		};
		ECE0F27F2375C88600056E51 /* PBXContainerItemProxy */ = {
			isa = PBXContainerItemProxy;
			containerPortal = ECE0F2552375C88400056E51 /* Project object */;
			proxyType = 1;
			remoteGlobalIDString = ECE0F25C2375C88400056E51;
			remoteInfo = dynamics;
		};
/* End PBXContainerItemProxy section */

/* Begin PBXFileReference section */
		EC29EF222382CF5F005B0729 /* ball.jpg */ = {isa = PBXFileReference; lastKnownFileType = image.jpeg; path = ball.jpg; sourceTree = "<group>"; };
		EC29EF232382CF5F005B0729 /* sun.jpg */ = {isa = PBXFileReference; lastKnownFileType = image.jpeg; path = sun.jpg; sourceTree = "<group>"; };
		EC29EF2A2382D987005B0729 /* menuController.swift */ = {isa = PBXFileReference; lastKnownFileType = sourcecode.swift; path = menuController.swift; sourceTree = "<group>"; };
		EC29EF2C2382DC18005B0729 /* cat-bg.jpg */ = {isa = PBXFileReference; lastKnownFileType = image.jpeg; path = "cat-bg.jpg"; sourceTree = "<group>"; };
		EC2B6853238C15CD00AA7FB7 /* heron.png */ = {isa = PBXFileReference; lastKnownFileType = image.png; path = heron.png; sourceTree = "<group>"; };
		ECBDED3A23C4D16600E01749 /* xp_background.png */ = {isa = PBXFileReference; lastKnownFileType = image.png; path = xp_background.png; sourceTree = "<group>"; };
		ECBDED3C23C4D28A00E01749 /* crosshair.png */ = {isa = PBXFileReference; lastKnownFileType = image.png; path = crosshair.png; sourceTree = "<group>"; };
		ECBDED3E23C4D37700E01749 /* cannonball.png */ = {isa = PBXFileReference; lastKnownFileType = image.png; path = cannonball.png; sourceTree = "<group>"; };
		ECBDED4023C4D5B800E01749 /* birb.png */ = {isa = PBXFileReference; lastKnownFileType = image.png; path = birb.png; sourceTree = "<group>"; };
		ECE0F25D2375C88400056E51 /* dynamics.app */ = {isa = PBXFileReference; explicitFileType = wrapper.application; includeInIndex = 0; path = dynamics.app; sourceTree = BUILT_PRODUCTS_DIR; };
		ECE0F2602375C88400056E51 /* AppDelegate.swift */ = {isa = PBXFileReference; lastKnownFileType = sourcecode.swift; path = AppDelegate.swift; sourceTree = "<group>"; };
		ECE0F2622375C88400056E51 /* SceneDelegate.swift */ = {isa = PBXFileReference; lastKnownFileType = sourcecode.swift; path = SceneDelegate.swift; sourceTree = "<group>"; };
		ECE0F2642375C88400056E51 /* ViewController.swift */ = {isa = PBXFileReference; lastKnownFileType = sourcecode.swift; path = ViewController.swift; sourceTree = "<group>"; };
		ECE0F2672375C88400056E51 /* Base */ = {isa = PBXFileReference; lastKnownFileType = file.storyboard; name = Base; path = Base.lproj/Main.storyboard; sourceTree = "<group>"; };
		ECE0F2692375C88500056E51 /* Assets.xcassets */ = {isa = PBXFileReference; lastKnownFileType = folder.assetcatalog; path = Assets.xcassets; sourceTree = "<group>"; };
		ECE0F26C2375C88500056E51 /* Base */ = {isa = PBXFileReference; lastKnownFileType = file.storyboard; name = Base; path = Base.lproj/LaunchScreen.storyboard; sourceTree = "<group>"; };
		ECE0F26E2375C88500056E51 /* Info.plist */ = {isa = PBXFileReference; lastKnownFileType = text.plist.xml; path = Info.plist; sourceTree = "<group>"; };
		ECE0F2732375C88600056E51 /* dynamicsTests.xctest */ = {isa = PBXFileReference; explicitFileType = wrapper.cfbundle; includeInIndex = 0; path = dynamicsTests.xctest; sourceTree = BUILT_PRODUCTS_DIR; };
		ECE0F2772375C88600056E51 /* dynamicsTests.swift */ = {isa = PBXFileReference; lastKnownFileType = sourcecode.swift; path = dynamicsTests.swift; sourceTree = "<group>"; };
		ECE0F2792375C88600056E51 /* Info.plist */ = {isa = PBXFileReference; lastKnownFileType = text.plist.xml; path = Info.plist; sourceTree = "<group>"; };
		ECE0F27E2375C88600056E51 /* dynamicsUITests.xctest */ = {isa = PBXFileReference; explicitFileType = wrapper.cfbundle; includeInIndex = 0; path = dynamicsUITests.xctest; sourceTree = BUILT_PRODUCTS_DIR; };
		ECE0F2822375C88600056E51 /* dynamicsUITests.swift */ = {isa = PBXFileReference; lastKnownFileType = sourcecode.swift; path = dynamicsUITests.swift; sourceTree = "<group>"; };
		ECE0F2842375C88600056E51 /* Info.plist */ = {isa = PBXFileReference; lastKnownFileType = text.plist.xml; path = Info.plist; sourceTree = "<group>"; };
		ECE0F3122375D40400056E51 /* dragImageView.swift */ = {isa = PBXFileReference; lastKnownFileType = sourcecode.swift; path = dragImageView.swift; sourceTree = "<group>"; };
/* End PBXFileReference section */

/* Begin PBXFrameworksBuildPhase section */
		ECE0F25A2375C88400056E51 /* Frameworks */ = {
			isa = PBXFrameworksBuildPhase;
			buildActionMask = 2147483647;
			files = (
			);
			runOnlyForDeploymentPostprocessing = 0;
		};
		ECE0F2702375C88600056E51 /* Frameworks */ = {
			isa = PBXFrameworksBuildPhase;
			buildActionMask = 2147483647;
			files = (
			);
			runOnlyForDeploymentPostprocessing = 0;
		};
		ECE0F27B2375C88600056E51 /* Frameworks */ = {
			isa = PBXFrameworksBuildPhase;
			buildActionMask = 2147483647;
			files = (
			);
			runOnlyForDeploymentPostprocessing = 0;
		};
/* End PBXFrameworksBuildPhase section */

/* Begin PBXGroup section */
		ECE0F2542375C88400056E51 = {
			isa = PBXGroup;
			children = (
				ECE0F25F2375C88400056E51 /* dynamics */,
				ECE0F2762375C88600056E51 /* dynamicsTests */,
				ECE0F2812375C88600056E51 /* dynamicsUITests */,
				ECE0F25E2375C88400056E51 /* Products */,
			);
			sourceTree = "<group>";
		};
		ECE0F25E2375C88400056E51 /* Products */ = {
			isa = PBXGroup;
			children = (
				ECE0F25D2375C88400056E51 /* dynamics.app */,
				ECE0F2732375C88600056E51 /* dynamicsTests.xctest */,
				ECE0F27E2375C88600056E51 /* dynamicsUITests.xctest */,
			);
			name = Products;
			sourceTree = "<group>";
		};
		ECE0F25F2375C88400056E51 /* dynamics */ = {
			isa = PBXGroup;
			children = (
				ECE0F2602375C88400056E51 /* AppDelegate.swift */,
				ECE0F2622375C88400056E51 /* SceneDelegate.swift */,
				ECE0F3122375D40400056E51 /* dragImageView.swift */,
				ECE0F2642375C88400056E51 /* ViewController.swift */,
				EC29EF2A2382D987005B0729 /* menuController.swift */,
				ECE0F2662375C88400056E51 /* Main.storyboard */,
				ECBDED3E23C4D37700E01749 /* cannonball.png */,
				ECBDED4023C4D5B800E01749 /* birb.png */,
				ECBDED3C23C4D28A00E01749 /* crosshair.png */,
				EC29EF222382CF5F005B0729 /* ball.jpg */,
				EC2B6853238C15CD00AA7FB7 /* heron.png */,
				ECBDED3A23C4D16600E01749 /* xp_background.png */,
				EC29EF2C2382DC18005B0729 /* cat-bg.jpg */,
				EC29EF232382CF5F005B0729 /* sun.jpg */,
				ECE0F2692375C88500056E51 /* Assets.xcassets */,
				ECE0F26B2375C88500056E51 /* LaunchScreen.storyboard */,
				ECE0F26E2375C88500056E51 /* Info.plist */,
			);
			path = dynamics;
			sourceTree = "<group>";
		};
		ECE0F2762375C88600056E51 /* dynamicsTests */ = {
			isa = PBXGroup;
			children = (
				ECE0F2772375C88600056E51 /* dynamicsTests.swift */,
				ECE0F2792375C88600056E51 /* Info.plist */,
			);
			path = dynamicsTests;
			sourceTree = "<group>";
		};
		ECE0F2812375C88600056E51 /* dynamicsUITests */ = {
			isa = PBXGroup;
			children = (
				ECE0F2822375C88600056E51 /* dynamicsUITests.swift */,
				ECE0F2842375C88600056E51 /* Info.plist */,
			);
			path = dynamicsUITests;
			sourceTree = "<group>";
		};
/* End PBXGroup section */

/* Begin PBXNativeTarget section */
		ECE0F25C2375C88400056E51 /* dynamics */ = {
			isa = PBXNativeTarget;
			buildConfigurationList = ECE0F2872375C88600056E51 /* Build configuration list for PBXNativeTarget "dynamics" */;
			buildPhases = (
				ECE0F2592375C88400056E51 /* Sources */,
				ECE0F25A2375C88400056E51 /* Frameworks */,
				ECE0F25B2375C88400056E51 /* Resources */,
			);
			buildRules = (
			);
			dependencies = (
			);
			name = dynamics;
			productName = dynamics;
			productReference = ECE0F25D2375C88400056E51 /* dynamics.app */;
			productType = "com.apple.product-type.application";
		};
		ECE0F2722375C88600056E51 /* dynamicsTests */ = {
			isa = PBXNativeTarget;
			buildConfigurationList = ECE0F28A2375C88600056E51 /* Build configuration list for PBXNativeTarget "dynamicsTests" */;
			buildPhases = (
				ECE0F26F2375C88600056E51 /* Sources */,
				ECE0F2702375C88600056E51 /* Frameworks */,
				ECE0F2712375C88600056E51 /* Resources */,
			);
			buildRules = (
			);
			dependencies = (
				ECE0F2752375C88600056E51 /* PBXTargetDependency */,
			);
			name = dynamicsTests;
			productName = dynamicsTests;
			productReference = ECE0F2732375C88600056E51 /* dynamicsTests.xctest */;
			productType = "com.apple.product-type.bundle.unit-test";
		};
		ECE0F27D2375C88600056E51 /* dynamicsUITests */ = {
			isa = PBXNativeTarget;
			buildConfigurationList = ECE0F28D2375C88600056E51 /* Build configuration list for PBXNativeTarget "dynamicsUITests" */;
			buildPhases = (
				ECE0F27A2375C88600056E51 /* Sources */,
				ECE0F27B2375C88600056E51 /* Frameworks */,
				ECE0F27C2375C88600056E51 /* Resources */,
			);
			buildRules = (
			);
			dependencies = (
				ECE0F2802375C88600056E51 /* PBXTargetDependency */,
			);
			name = dynamicsUITests;
			productName = dynamicsUITests;
			productReference = ECE0F27E2375C88600056E51 /* dynamicsUITests.xctest */;
			productType = "com.apple.product-type.bundle.ui-testing";
		};
/* End PBXNativeTarget section */

/* Begin PBXProject section */
		ECE0F2552375C88400056E51 /* Project object */ = {
			isa = PBXProject;
			attributes = {
				LastSwiftUpdateCheck = 1100;
				LastUpgradeCheck = 1100;
				ORGANIZATIONNAME = ok19aad;
				TargetAttributes = {
					ECE0F25C2375C88400056E51 = {
						CreatedOnToolsVersion = 11.0;
					};
					ECE0F2722375C88600056E51 = {
						CreatedOnToolsVersion = 11.0;
						TestTargetID = ECE0F25C2375C88400056E51;
					};
					ECE0F27D2375C88600056E51 = {
						CreatedOnToolsVersion = 11.0;
						TestTargetID = ECE0F25C2375C88400056E51;
					};
				};
			};
			buildConfigurationList = ECE0F2582375C88400056E51 /* Build configuration list for PBXProject "dynamics" */;
			compatibilityVersion = "Xcode 9.3";
			developmentRegion = en;
			hasScannedForEncodings = 0;
			knownRegions = (
				en,
				Base,
			);
			mainGroup = ECE0F2542375C88400056E51;
			productRefGroup = ECE0F25E2375C88400056E51 /* Products */;
			projectDirPath = "";
			projectRoot = "";
			targets = (
				ECE0F25C2375C88400056E51 /* dynamics */,
				ECE0F2722375C88600056E51 /* dynamicsTests */,
				ECE0F27D2375C88600056E51 /* dynamicsUITests */,
			);
		};
/* End PBXProject section */

/* Begin PBXResourcesBuildPhase section */
		ECE0F25B2375C88400056E51 /* Resources */ = {
			isa = PBXResourcesBuildPhase;
			buildActionMask = 2147483647;
			files = (
				ECE0F26D2375C88500056E51 /* LaunchScreen.storyboard in Resources */,
				ECBDED3F23C4D37700E01749 /* cannonball.png in Resources */,
				ECBDED3D23C4D28A00E01749 /* crosshair.png in Resources */,
				EC29EF2D2382DC18005B0729 /* cat-bg.jpg in Resources */,
				ECE0F26A2375C88500056E51 /* Assets.xcassets in Resources */,
				ECBDED3B23C4D16600E01749 /* xp_background.png in Resources */,
				ECBDED4123C4D5B800E01749 /* birb.png in Resources */,
				EC29EF252382CF5F005B0729 /* sun.jpg in Resources */,
				EC29EF242382CF5F005B0729 /* ball.jpg in Resources */,
				ECE0F2682375C88400056E51 /* Main.storyboard in Resources */,
				EC2B6854238C15CD00AA7FB7 /* heron.png in Resources */,
			);
			runOnlyForDeploymentPostprocessing = 0;
		};
		ECE0F2712375C88600056E51 /* Resources */ = {
			isa = PBXResourcesBuildPhase;
			buildActionMask = 2147483647;
			files = (
			);
			runOnlyForDeploymentPostprocessing = 0;
		};
		ECE0F27C2375C88600056E51 /* Resources */ = {
			isa = PBXResourcesBuildPhase;
			buildActionMask = 2147483647;
			files = (
			);
			runOnlyForDeploymentPostprocessing = 0;
		};
/* End PBXResourcesBuildPhase section */

/* Begin PBXSourcesBuildPhase section */
		ECE0F2592375C88400056E51 /* Sources */ = {
			isa = PBXSourcesBuildPhase;
			buildActionMask = 2147483647;
			files = (
				EC29EF2B2382D987005B0729 /* menuController.swift in Sources */,
				ECE0F2652375C88400056E51 /* ViewController.swift in Sources */,
				ECE0F2612375C88400056E51 /* AppDelegate.swift in Sources */,
				ECE0F3132375D40400056E51 /* dragImageView.swift in Sources */,
				ECE0F2632375C88400056E51 /* SceneDelegate.swift in Sources */,
			);
			runOnlyForDeploymentPostprocessing = 0;
		};
		ECE0F26F2375C88600056E51 /* Sources */ = {
			isa = PBXSourcesBuildPhase;
			buildActionMask = 2147483647;
			files = (
				ECE0F2782375C88600056E51 /* dynamicsTests.swift in Sources */,
			);
			runOnlyForDeploymentPostprocessing = 0;
		};
		ECE0F27A2375C88600056E51 /* Sources */ = {
			isa = PBXSourcesBuildPhase;
			buildActionMask = 2147483647;
			files = (
				ECE0F2832375C88600056E51 /* dynamicsUITests.swift in Sources */,
			);
			runOnlyForDeploymentPostprocessing = 0;
		};
/* End PBXSourcesBuildPhase section */

/* Begin PBXTargetDependency section */
		ECE0F2752375C88600056E51 /* PBXTargetDependency */ = {
			isa = PBXTargetDependency;
			target = ECE0F25C2375C88400056E51 /* dynamics */;
			targetProxy = ECE0F2742375C88600056E51 /* PBXContainerItemProxy */;
		};
		ECE0F2802375C88600056E51 /* PBXTargetDependency */ = {
			isa = PBXTargetDependency;
			target = ECE0F25C2375C88400056E51 /* dynamics */;
			targetProxy = ECE0F27F2375C88600056E51 /* PBXContainerItemProxy */;
		};
/* End PBXTargetDependency section */

/* Begin PBXVariantGroup section */
		ECE0F2662375C88400056E51 /* Main.storyboard */ = {
			isa = PBXVariantGroup;
			children = (
				ECE0F2672375C88400056E51 /* Base */,
			);
			name = Main.storyboard;
			sourceTree = "<group>";
		};
		ECE0F26B2375C88500056E51 /* LaunchScreen.storyboard */ = {
			isa = PBXVariantGroup;
			children = (
				ECE0F26C2375C88500056E51 /* Base */,
			);
			name = LaunchScreen.storyboard;
			sourceTree = "<group>";
		};
/* End PBXVariantGroup section */

/* Begin XCBuildConfiguration section */
		ECE0F2852375C88600056E51 /* Debug */ = {
			isa = XCBuildConfiguration;
			buildSettings = {
				ALWAYS_SEARCH_USER_PATHS = NO;
				CLANG_ANALYZER_NONNULL = YES;
				CLANG_ANALYZER_NUMBER_OBJECT_CONVERSION = YES_AGGRESSIVE;
				CLANG_CXX_LANGUAGE_STANDARD = "gnu++14";
				CLANG_CXX_LIBRARY = "libc++";
				CLANG_ENABLE_MODULES = YES;
				CLANG_ENABLE_OBJC_ARC = YES;
				CLANG_ENABLE_OBJC_WEAK = YES;
				CLANG_WARN_BLOCK_CAPTURE_AUTORELEASING = YES;
				CLANG_WARN_BOOL_CONVERSION = YES;
				CLANG_WARN_COMMA = YES;
				CLANG_WARN_CONSTANT_CONVERSION = YES;
				CLANG_WARN_DEPRECATED_OBJC_IMPLEMENTATIONS = YES;
				CLANG_WARN_DIRECT_OBJC_ISA_USAGE = YES_ERROR;
				CLANG_WARN_DOCUMENTATION_COMMENTS = YES;
				CLANG_WARN_EMPTY_BODY = YES;
				CLANG_WARN_ENUM_CONVERSION = YES;
				CLANG_WARN_INFINITE_RECURSION = YES;
				CLANG_WARN_INT_CONVERSION = YES;
				CLANG_WARN_NON_LITERAL_NULL_CONVERSION = YES;
				CLANG_WARN_OBJC_IMPLICIT_RETAIN_SELF = YES;
				CLANG_WARN_OBJC_LITERAL_CONVERSION = YES;
				CLANG_WARN_OBJC_ROOT_CLASS = YES_ERROR;
				CLANG_WARN_RANGE_LOOP_ANALYSIS = YES;
				CLANG_WARN_STRICT_PROTOTYPES = YES;
				CLANG_WARN_SUSPICIOUS_MOVE = YES;
				CLANG_WARN_UNGUARDED_AVAILABILITY = YES_AGGRESSIVE;
				CLANG_WARN_UNREACHABLE_CODE = YES;
				CLANG_WARN__DUPLICATE_METHOD_MATCH = YES;
				COPY_PHASE_STRIP = NO;
				DEBUG_INFORMATION_FORMAT = dwarf;
				ENABLE_STRICT_OBJC_MSGSEND = YES;
				ENABLE_TESTABILITY = YES;
				GCC_C_LANGUAGE_STANDARD = gnu11;
				GCC_DYNAMIC_NO_PIC = NO;
				GCC_NO_COMMON_BLOCKS = YES;
				GCC_OPTIMIZATION_LEVEL = 0;
				GCC_PREPROCESSOR_DEFINITIONS = (
					"DEBUG=1",
					"$(inherited)",
				);
				GCC_WARN_64_TO_32_BIT_CONVERSION = YES;
				GCC_WARN_ABOUT_RETURN_TYPE = YES_ERROR;
				GCC_WARN_UNDECLARED_SELECTOR = YES;
				GCC_WARN_UNINITIALIZED_AUTOS = YES_AGGRESSIVE;
				GCC_WARN_UNUSED_FUNCTION = YES;
				GCC_WARN_UNUSED_VARIABLE = YES;
				IPHONEOS_DEPLOYMENT_TARGET = 13.0;
				MTL_ENABLE_DEBUG_INFO = INCLUDE_SOURCE;
				MTL_FAST_MATH = YES;
				ONLY_ACTIVE_ARCH = YES;
				SDKROOT = iphoneos;
				SWIFT_ACTIVE_COMPILATION_CONDITIONS = DEBUG;
				SWIFT_OPTIMIZATION_LEVEL = "-Onone";
			};
			name = Debug;
		};
		ECE0F2862375C88600056E51 /* Release */ = {
			isa = XCBuildConfiguration;
			buildSettings = {
				ALWAYS_SEARCH_USER_PATHS = NO;
				CLANG_ANALYZER_NONNULL = YES;
				CLANG_ANALYZER_NUMBER_OBJECT_CONVERSION = YES_AGGRESSIVE;
				CLANG_CXX_LANGUAGE_STANDARD = "gnu++14";
				CLANG_CXX_LIBRARY = "libc++";
				CLANG_ENABLE_MODULES = YES;
				CLANG_ENABLE_OBJC_ARC = YES;
				CLANG_ENABLE_OBJC_WEAK = YES;
				CLANG_WARN_BLOCK_CAPTURE_AUTORELEASING = YES;
				CLANG_WARN_BOOL_CONVERSION = YES;
				CLANG_WARN_COMMA = YES;
				CLANG_WARN_CONSTANT_CONVERSION = YES;
				CLANG_WARN_DEPRECATED_OBJC_IMPLEMENTATIONS = YES;
				CLANG_WARN_DIRECT_OBJC_ISA_USAGE = YES_ERROR;
				CLANG_WARN_DOCUMENTATION_COMMENTS = YES;
				CLANG_WARN_EMPTY_BODY = YES;
				CLANG_WARN_ENUM_CONVERSION = YES;
				CLANG_WARN_INFINITE_RECURSION = YES;
				CLANG_WARN_INT_CONVERSION = YES;
				CLANG_WARN_NON_LITERAL_NULL_CONVERSION = YES;
				CLANG_WARN_OBJC_IMPLICIT_RETAIN_SELF = YES;
				CLANG_WARN_OBJC_LITERAL_CONVERSION = YES;
				CLANG_WARN_OBJC_ROOT_CLASS = YES_ERROR;
				CLANG_WARN_RANGE_LOOP_ANALYSIS = YES;
				CLANG_WARN_STRICT_PROTOTYPES = YES;
				CLANG_WARN_SUSPICIOUS_MOVE = YES;
				CLANG_WARN_UNGUARDED_AVAILABILITY = YES_AGGRESSIVE;
				CLANG_WARN_UNREACHABLE_CODE = YES;
				CLANG_WARN__DUPLICATE_METHOD_MATCH = YES;
				COPY_PHASE_STRIP = NO;
				DEBUG_INFORMATION_FORMAT = "dwarf-with-dsym";
				ENABLE_NS_ASSERTIONS = NO;
				ENABLE_STRICT_OBJC_MSGSEND = YES;
				GCC_C_LANGUAGE_STANDARD = gnu11;
				GCC_NO_COMMON_BLOCKS = YES;
				GCC_WARN_64_TO_32_BIT_CONVERSION = YES;
				GCC_WARN_ABOUT_RETURN_TYPE = YES_ERROR;
				GCC_WARN_UNDECLARED_SELECTOR = YES;
				GCC_WARN_UNINITIALIZED_AUTOS = YES_AGGRESSIVE;
				GCC_WARN_UNUSED_FUNCTION = YES;
				GCC_WARN_UNUSED_VARIABLE = YES;
				IPHONEOS_DEPLOYMENT_TARGET = 13.0;
				MTL_ENABLE_DEBUG_INFO = NO;
				MTL_FAST_MATH = YES;
				SDKROOT = iphoneos;
				SWIFT_COMPILATION_MODE = wholemodule;
				SWIFT_OPTIMIZATION_LEVEL = "-O";
				VALIDATE_PRODUCT = YES;
			};
			name = Release;
		};
		ECE0F2882375C88600056E51 /* Debug */ = {
			isa = XCBuildConfiguration;
			buildSettings = {
				ASSETCATALOG_COMPILER_APPICON_NAME = AppIcon;
				CODE_SIGN_STYLE = Automatic;
				INFOPLIST_FILE = dynamics/Info.plist;
				LD_RUNPATH_SEARCH_PATHS = (
					"$(inherited)",
					"@executable_path/Frameworks",
				);
				PRODUCT_BUNDLE_IDENTIFIER = OnurKader.dynamics;
				PRODUCT_NAME = "$(TARGET_NAME)";
				SWIFT_VERSION = 5.0;
				TARGETED_DEVICE_FAMILY = "1,2";
			};
			name = Debug;
		};
		ECE0F2892375C88600056E51 /* Release */ = {
			isa = XCBuildConfiguration;
			buildSettings = {
				ASSETCATALOG_COMPILER_APPICON_NAME = AppIcon;
				CODE_SIGN_STYLE = Automatic;
				INFOPLIST_FILE = dynamics/Info.plist;
				LD_RUNPATH_SEARCH_PATHS = (
					"$(inherited)",
					"@executable_path/Frameworks",
				);
				PRODUCT_BUNDLE_IDENTIFIER = OnurKader.dynamics;
				PRODUCT_NAME = "$(TARGET_NAME)";
				SWIFT_VERSION = 5.0;
				TARGETED_DEVICE_FAMILY = "1,2";
			};
			name = Release;
		};
		ECE0F28B2375C88600056E51 /* Debug */ = {
			isa = XCBuildConfiguration;
			buildSettings = {
				ALWAYS_EMBED_SWIFT_STANDARD_LIBRARIES = YES;
				BUNDLE_LOADER = "$(TEST_HOST)";
				CODE_SIGN_STYLE = Automatic;
				INFOPLIST_FILE = dynamicsTests/Info.plist;
				IPHONEOS_DEPLOYMENT_TARGET = 13.0;
				LD_RUNPATH_SEARCH_PATHS = (
					"$(inherited)",
					"@executable_path/Frameworks",
					"@loader_path/Frameworks",
				);
				PRODUCT_BUNDLE_IDENTIFIER = OnurKader.dynamicsTests;
				PRODUCT_NAME = "$(TARGET_NAME)";
				SWIFT_VERSION = 5.0;
				TARGETED_DEVICE_FAMILY = "1,2";
				TEST_HOST = "$(BUILT_PRODUCTS_DIR)/dynamics.app/dynamics";
			};
			name = Debug;
		};
		ECE0F28C2375C88600056E51 /* Release */ = {
			isa = XCBuildConfiguration;
			buildSettings = {
				ALWAYS_EMBED_SWIFT_STANDARD_LIBRARIES = YES;
				BUNDLE_LOADER = "$(TEST_HOST)";
				CODE_SIGN_STYLE = Automatic;
				INFOPLIST_FILE = dynamicsTests/Info.plist;
				IPHONEOS_DEPLOYMENT_TARGET = 13.0;
				LD_RUNPATH_SEARCH_PATHS = (
					"$(inherited)",
					"@executable_path/Frameworks",
					"@loader_path/Frameworks",
				);
				PRODUCT_BUNDLE_IDENTIFIER = OnurKader.dynamicsTests;
				PRODUCT_NAME = "$(TARGET_NAME)";
				SWIFT_VERSION = 5.0;
				TARGETED_DEVICE_FAMILY = "1,2";
				TEST_HOST = "$(BUILT_PRODUCTS_DIR)/dynamics.app/dynamics";
			};
			name = Release;
		};
		ECE0F28E2375C88600056E51 /* Debug */ = {
			isa = XCBuildConfiguration;
			buildSettings = {
				ALWAYS_EMBED_SWIFT_STANDARD_LIBRARIES = YES;
				CODE_SIGN_STYLE = Automatic;
				INFOPLIST_FILE = dynamicsUITests/Info.plist;
				LD_RUNPATH_SEARCH_PATHS = (
					"$(inherited)",
					"@executable_path/Frameworks",
					"@loader_path/Frameworks",
				);
				PRODUCT_BUNDLE_IDENTIFIER = OnurKader.dynamicsUITests;
				PRODUCT_NAME = "$(TARGET_NAME)";
				SWIFT_VERSION = 5.0;
				TARGETED_DEVICE_FAMILY = "1,2";
				TEST_TARGET_NAME = dynamics;
			};
			name = Debug;
		};
		ECE0F28F2375C88600056E51 /* Release */ = {
			isa = XCBuildConfiguration;
			buildSettings = {
				ALWAYS_EMBED_SWIFT_STANDARD_LIBRARIES = YES;
				CODE_SIGN_STYLE = Automatic;
				INFOPLIST_FILE = dynamicsUITests/Info.plist;
				LD_RUNPATH_SEARCH_PATHS = (
					"$(inherited)",
					"@executable_path/Frameworks",
					"@loader_path/Frameworks",
				);
				PRODUCT_BUNDLE_IDENTIFIER = OnurKader.dynamicsUITests;
				PRODUCT_NAME = "$(TARGET_NAME)";
				SWIFT_VERSION = 5.0;
				TARGETED_DEVICE_FAMILY = "1,2";
				TEST_TARGET_NAME = dynamics;
			};
			name = Release;
		};
/* End XCBuildConfiguration section */

/* Begin XCConfigurationList section */
		ECE0F2582375C88400056E51 /* Build configuration list for PBXProject "dynamics" */ = {
			isa = XCConfigurationList;
			buildConfigurations = (
				ECE0F2852375C88600056E51 /* Debug */,
				ECE0F2862375C88600056E51 /* Release */,
			);
			defaultConfigurationIsVisible = 0;
			defaultConfigurationName = Release;
		};
		ECE0F2872375C88600056E51 /* Build configuration list for PBXNativeTarget "dynamics" */ = {
			isa = XCConfigurationList;
			buildConfigurations = (
				ECE0F2882375C88600056E51 /* Debug */,
				ECE0F2892375C88600056E51 /* Release */,
			);
			defaultConfigurationIsVisible = 0;
			defaultConfigurationName = Release;
		};
		ECE0F28A2375C88600056E51 /* Build configuration list for PBXNativeTarget "dynamicsTests" */ = {
			isa = XCConfigurationList;
			buildConfigurations = (
				ECE0F28B2375C88600056E51 /* Debug */,
				ECE0F28C2375C88600056E51 /* Release */,
			);
			defaultConfigurationIsVisible = 0;
			defaultConfigurationName = Release;
		};
		ECE0F28D2375C88600056E51 /* Build configuration list for PBXNativeTarget "dynamicsUITests" */ = {
			isa = XCConfigurationList;
			buildConfigurations = (
				ECE0F28E2375C88600056E51 /* Debug */,
				ECE0F28F2375C88600056E51 /* Release */,
			);
			defaultConfigurationIsVisible = 0;
			defaultConfigurationName = Release;
		};
/* End XCConfigurationList section */
	};
	rootObject = ECE0F2552375C88400056E51 /* Project object */;
}
